// !$*UTF8*$!
{
	archiveVersion = 1;
	classes = {
	};
	objectVersion = 46;
	objects = {

/* Begin PBXBuildFile section */
		ADFE4478E568C0441ED0245A /* Pods_rivals.framework in Frameworks */ = {isa = PBXBuildFile; fileRef = B86493473D78E96923685E06 /* Pods_rivals.framework */; };
		C073A2A51D9AE7D600076DB3 /* main.m in Sources */ = {isa = PBXBuildFile; fileRef = C073A2A41D9AE7D600076DB3 /* main.m */; };
		C073A2A81D9AE7D600076DB3 /* AppDelegate.m in Sources */ = {isa = PBXBuildFile; fileRef = C073A2A71D9AE7D600076DB3 /* AppDelegate.m */; };
		C073A2AB1D9AE7D600076DB3 /* ViewController.m in Sources */ = {isa = PBXBuildFile; fileRef = C073A2AA1D9AE7D600076DB3 /* ViewController.m */; };
		C073A2AE1D9AE7D700076DB3 /* Main.storyboard in Resources */ = {isa = PBXBuildFile; fileRef = C073A2AC1D9AE7D700076DB3 /* Main.storyboard */; };
		C073A2B01D9AE7D700076DB3 /* Assets.xcassets in Resources */ = {isa = PBXBuildFile; fileRef = C073A2AF1D9AE7D700076DB3 /* Assets.xcassets */; };
		C073A2B31D9AE7D700076DB3 /* LaunchScreen.storyboard in Resources */ = {isa = PBXBuildFile; fileRef = C073A2B11D9AE7D700076DB3 /* LaunchScreen.storyboard */; };
/* End PBXBuildFile section */

/* Begin PBXFileReference section */
		1F12049B3314800549A41A6B /* Pods-rivals.debug.xcconfig */ = {isa = PBXFileReference; includeInIndex = 1; lastKnownFileType = text.xcconfig; name = "Pods-rivals.debug.xcconfig"; path = "Pods/Target Support Files/Pods-rivals/Pods-rivals.debug.xcconfig"; sourceTree = "<group>"; };
		6CE8E1312F0E834AFDCB073D /* Pods-rivals.release.xcconfig */ = {isa = PBXFileReference; includeInIndex = 1; lastKnownFileType = text.xcconfig; name = "Pods-rivals.release.xcconfig"; path = "Pods/Target Support Files/Pods-rivals/Pods-rivals.release.xcconfig"; sourceTree = "<group>"; };
		B86493473D78E96923685E06 /* Pods_rivals.framework */ = {isa = PBXFileReference; explicitFileType = wrapper.framework; includeInIndex = 0; path = Pods_rivals.framework; sourceTree = BUILT_PRODUCTS_DIR; };
		C073A2A01D9AE7D600076DB3 /* rivals.app */ = {isa = PBXFileReference; explicitFileType = wrapper.application; includeInIndex = 0; path = rivals.app; sourceTree = BUILT_PRODUCTS_DIR; };
		C073A2A41D9AE7D600076DB3 /* main.m */ = {isa = PBXFileReference; lastKnownFileType = sourcecode.c.objc; path = main.m; sourceTree = "<group>"; };
		C073A2A61D9AE7D600076DB3 /* AppDelegate.h */ = {isa = PBXFileReference; lastKnownFileType = sourcecode.c.h; path = AppDelegate.h; sourceTree = "<group>"; };
		C073A2A71D9AE7D600076DB3 /* AppDelegate.m */ = {isa = PBXFileReference; lastKnownFileType = sourcecode.c.objc; path = AppDelegate.m; sourceTree = "<group>"; };
		C073A2A91D9AE7D600076DB3 /* ViewController.h */ = {isa = PBXFileReference; lastKnownFileType = sourcecode.c.h; path = ViewController.h; sourceTree = "<group>"; };
		C073A2AA1D9AE7D600076DB3 /* ViewController.m */ = {isa = PBXFileReference; lastKnownFileType = sourcecode.c.objc; path = ViewController.m; sourceTree = "<group>"; };
		C073A2AD1D9AE7D700076DB3 /* Base */ = {isa = PBXFileReference; lastKnownFileType = file.storyboard; name = Base; path = Base.lproj/Main.storyboard; sourceTree = "<group>"; };
		C073A2AF1D9AE7D700076DB3 /* Assets.xcassets */ = {isa = PBXFileReference; lastKnownFileType = folder.assetcatalog; path = Assets.xcassets; sourceTree = "<group>"; };
		C073A2B21D9AE7D700076DB3 /* Base */ = {isa = PBXFileReference; lastKnownFileType = file.storyboard; name = Base; path = Base.lproj/LaunchScreen.storyboard; sourceTree = "<group>"; };
		C073A2B41D9AE7D700076DB3 /* Info.plist */ = {isa = PBXFileReference; lastKnownFileType = text.plist.xml; path = Info.plist; sourceTree = "<group>"; };
/* End PBXFileReference section */

/* Begin PBXFrameworksBuildPhase section */
		C073A29D1D9AE7D600076DB3 /* Frameworks */ = {
			isa = PBXFrameworksBuildPhase;
			buildActionMask = 2147483647;
			files = (
				ADFE4478E568C0441ED0245A /* Pods_rivals.framework in Frameworks */,
			);
			runOnlyForDeploymentPostprocessing = 0;
		};
/* End PBXFrameworksBuildPhase section */

/* Begin PBXGroup section */
		438E4E8935DC271952366644 /* Frameworks */ = {
			isa = PBXGroup;
			children = (
				B86493473D78E96923685E06 /* Pods_rivals.framework */,
			);
			name = Frameworks;
			sourceTree = "<group>";
		};
		C073A2971D9AE7D600076DB3 = {
			isa = PBXGroup;
			children = (
				C073A2A21D9AE7D600076DB3 /* rivals */,
				C073A2A11D9AE7D600076DB3 /* Products */,
				ED4DB315DBA9209A31A95C40 /* Pods */,
				438E4E8935DC271952366644 /* Frameworks */,
			);
			sourceTree = "<group>";
		};
		C073A2A11D9AE7D600076DB3 /* Products */ = {
			isa = PBXGroup;
			children = (
				C073A2A01D9AE7D600076DB3 /* rivals.app */,
			);
			name = Products;
			sourceTree = "<group>";
		};
		C073A2A21D9AE7D600076DB3 /* rivals */ = {
			isa = PBXGroup;
			children = (
				C073A2A61D9AE7D600076DB3 /* AppDelegate.h */,
				C073A2A71D9AE7D600076DB3 /* AppDelegate.m */,
				C073A2A91D9AE7D600076DB3 /* ViewController.h */,
				C073A2AA1D9AE7D600076DB3 /* ViewController.m */,
				C073A2AC1D9AE7D700076DB3 /* Main.storyboard */,
				C073A2AF1D9AE7D700076DB3 /* Assets.xcassets */,
				C073A2B11D9AE7D700076DB3 /* LaunchScreen.storyboard */,
				C073A2B41D9AE7D700076DB3 /* Info.plist */,
				C073A2A31D9AE7D600076DB3 /* Supporting Files */,
			);
			path = rivals;
			sourceTree = "<group>";
		};
		C073A2A31D9AE7D600076DB3 /* Supporting Files */ = {
			isa = PBXGroup;
			children = (
				C073A2A41D9AE7D600076DB3 /* main.m */,
			);
			name = "Supporting Files";
			sourceTree = "<group>";
		};
		ED4DB315DBA9209A31A95C40 /* Pods */ = {
			isa = PBXGroup;
			children = (
				1F12049B3314800549A41A6B /* Pods-rivals.debug.xcconfig */,
				6CE8E1312F0E834AFDCB073D /* Pods-rivals.release.xcconfig */,
			);
			name = Pods;
			sourceTree = "<group>";
		};
/* End PBXGroup section */

/* Begin PBXNativeTarget section */
		C073A29F1D9AE7D600076DB3 /* rivals */ = {
			isa = PBXNativeTarget;
			buildConfigurationList = C073A2B71D9AE7D700076DB3 /* Build configuration list for PBXNativeTarget "rivals" */;
			buildPhases = (
				B57A6CD2EFA06F947AB4C08A /* [CP] Check Pods Manifest.lock */,
				C073A29C1D9AE7D600076DB3 /* Sources */,
				C073A29D1D9AE7D600076DB3 /* Frameworks */,
				C073A29E1D9AE7D600076DB3 /* Resources */,
				FC06AEDA1BBDEA508A974A21 /* [CP] Embed Pods Frameworks */,
				B4AF93FA6FF0981110E3506F /* [CP] Copy Pods Resources */,
			);
			buildRules = (
			);
			dependencies = (
			);
			name = rivals;
			productName = rivals;
			productReference = C073A2A01D9AE7D600076DB3 /* rivals.app */;
			productType = "com.apple.product-type.application";
		};
/* End PBXNativeTarget section */

/* Begin PBXProject section */
		C073A2981D9AE7D600076DB3 /* Project object */ = {
			isa = PBXProject;
			attributes = {
				LastUpgradeCheck = 0800;
				ORGANIZATIONNAME = sdbrown2;
				TargetAttributes = {
					C073A29F1D9AE7D600076DB3 = {
						CreatedOnToolsVersion = 8.0;
						ProvisioningStyle = Automatic;
					};
				};
			};
			buildConfigurationList = C073A29B1D9AE7D600076DB3 /* Build configuration list for PBXProject "rivals" */;
			compatibilityVersion = "Xcode 3.2";
			developmentRegion = English;
			hasScannedForEncodings = 0;
			knownRegions = (
				en,
				Base,
			);
			mainGroup = C073A2971D9AE7D600076DB3;
			productRefGroup = C073A2A11D9AE7D600076DB3 /* Products */;
			projectDirPath = "";
			projectRoot = "";
			targets = (
				C073A29F1D9AE7D600076DB3 /* rivals */,
			);
		};
/* End PBXProject section */

/* Begin PBXResourcesBuildPhase section */
		C073A29E1D9AE7D600076DB3 /* Resources */ = {
			isa = PBXResourcesBuildPhase;
			buildActionMask = 2147483647;
			files = (
				C073A2B31D9AE7D700076DB3 /* LaunchScreen.storyboard in Resources */,
				C073A2B01D9AE7D700076DB3 /* Assets.xcassets in Resources */,
				C073A2AE1D9AE7D700076DB3 /* Main.storyboard in Resources */,
			);
			runOnlyForDeploymentPostprocessing = 0;
		};
/* End PBXResourcesBuildPhase section */

/* Begin PBXShellScriptBuildPhase section */
		B4AF93FA6FF0981110E3506F /* [CP] Copy Pods Resources */ = {
			isa = PBXShellScriptBuildPhase;
			buildActionMask = 2147483647;
			files = (
			);
			inputPaths = (
			);
			name = "[CP] Copy Pods Resources";
			outputPaths = (
			);
			runOnlyForDeploymentPostprocessing = 0;
			shellPath = /bin/sh;
			shellScript = "\"${SRCROOT}/Pods/Target Support Files/Pods-rivals/Pods-rivals-resources.sh\"\n";
			showEnvVarsInLog = 0;
		};
		B57A6CD2EFA06F947AB4C08A /* [CP] Check Pods Manifest.lock */ = {
			isa = PBXShellScriptBuildPhase;
			buildActionMask = 2147483647;
			files = (
			);
			inputPaths = (
			);
			name = "[CP] Check Pods Manifest.lock";
			outputPaths = (
			);
			runOnlyForDeploymentPostprocessing = 0;
			shellPath = /bin/sh;
			shellScript = "diff \"${PODS_ROOT}/../Podfile.lock\" \"${PODS_ROOT}/Manifest.lock\" > /dev/null\nif [[ $? != 0 ]] ; then\n    cat << EOM\nerror: The sandbox is not in sync with the Podfile.lock. Run 'pod install' or update your CocoaPods installation.\nEOM\n    exit 1\nfi\n";
			showEnvVarsInLog = 0;
		};
		FC06AEDA1BBDEA508A974A21 /* [CP] Embed Pods Frameworks */ = {
			isa = PBXShellScriptBuildPhase;
			buildActionMask = 2147483647;
			files = (
			);
			inputPaths = (
			);
			name = "[CP] Embed Pods Frameworks";
			outputPaths = (
			);
			runOnlyForDeploymentPostprocessing = 0;
			shellPath = /bin/sh;
			shellScript = "\"${SRCROOT}/Pods/Target Support Files/Pods-rivals/Pods-rivals-frameworks.sh\"\n";
			showEnvVarsInLog = 0;
		};
/* End PBXShellScriptBuildPhase section */

/* Begin PBXSourcesBuildPhase section */
		C073A29C1D9AE7D600076DB3 /* Sources */ = {
			isa = PBXSourcesBuildPhase;
			buildActionMask = 2147483647;
			files = (
				C073A2AB1D9AE7D600076DB3 /* ViewController.m in Sources */,
				C073A2A81D9AE7D600076DB3 /* AppDelegate.m in Sources */,
				C073A2A51D9AE7D600076DB3 /* main.m in Sources */,
			);
			runOnlyForDeploymentPostprocessing = 0;
		};
/* End PBXSourcesBuildPhase section */

/* Begin PBXVariantGroup section */
		C073A2AC1D9AE7D700076DB3 /* Main.storyboard */ = {
			isa = PBXVariantGroup;
			children = (
				C073A2AD1D9AE7D700076DB3 /* Base */,
			);
			name = Main.storyboard;
			sourceTree = "<group>";
		};
		C073A2B11D9AE7D700076DB3 /* LaunchScreen.storyboard */ = {
			isa = PBXVariantGroup;
			children = (
				C073A2B21D9AE7D700076DB3 /* Base */,
			);
			name = LaunchScreen.storyboard;
			sourceTree = "<group>";
		};
/* End PBXVariantGroup section */

/* Begin XCBuildConfiguration section */
		C073A2B51D9AE7D700076DB3 /* Debug */ = {
			isa = XCBuildConfiguration;
			buildSettings = {
				ALWAYS_SEARCH_USER_PATHS = NO;
				CLANG_ANALYZER_NONNULL = YES;
				CLANG_CXX_LANGUAGE_STANDARD = "gnu++0x";
				CLANG_CXX_LIBRARY = "libc++";
				CLANG_ENABLE_MODULES = YES;
				CLANG_ENABLE_OBJC_ARC = YES;
				CLANG_WARN_BOOL_CONVERSION = YES;
				CLANG_WARN_CONSTANT_CONVERSION = YES;
				CLANG_WARN_DIRECT_OBJC_ISA_USAGE = YES_ERROR;
				CLANG_WARN_DOCUMENTATION_COMMENTS = YES;
				CLANG_WARN_EMPTY_BODY = YES;
				CLANG_WARN_ENUM_CONVERSION = YES;
				CLANG_WARN_INFINITE_RECURSION = YES;
				CLANG_WARN_INT_CONVERSION = YES;
				CLANG_WARN_OBJC_ROOT_CLASS = YES_ERROR;
				CLANG_WARN_SUSPICIOUS_MOVES = YES;
				CLANG_WARN_UNREACHABLE_CODE = YES;
				CLANG_WARN__DUPLICATE_METHOD_MATCH = YES;
				"CODE_SIGN_IDENTITY[sdk=iphoneos*]" = "iPhone Developer";
				COPY_PHASE_STRIP = NO;
				DEBUG_INFORMATION_FORMAT = dwarf;
				ENABLE_STRICT_OBJC_MSGSEND = YES;
				ENABLE_TESTABILITY = YES;
				GCC_C_LANGUAGE_STANDARD = gnu99;
				GCC_DYNAMIC_NO_PIC = NO;
				GCC_NO_COMMON_BLOCKS = YES;
				GCC_OPTIMIZATION_LEVEL = 0;
				GCC_PREPROCESSOR_DEFINITIONS = (
					"DEBUG=1",
					"$(inherited)",
				);
				GCC_WARN_64_TO_32_BIT_CONVERSION = YES;
				GCC_WARN_ABOUT_RETURN_TYPE = YES_ERROR;
				GCC_WARN_UNDECLARED_SELECTOR = YES;
				GCC_WARN_UNINITIALIZED_AUTOS = YES_AGGRESSIVE;
				GCC_WARN_UNUSED_FUNCTION = YES;
				GCC_WARN_UNUSED_VARIABLE = YES;
				IPHONEOS_DEPLOYMENT_TARGET = 10.0;
				MTL_ENABLE_DEBUG_INFO = YES;
				ONLY_ACTIVE_ARCH = YES;
				SDKROOT = iphoneos;
				TARGETED_DEVICE_FAMILY = "1,2";
			};
			name = Debug;
		};
		C073A2B61D9AE7D700076DB3 /* Release */ = {
			isa = XCBuildConfiguration;
			buildSettings = {
				ALWAYS_SEARCH_USER_PATHS = NO;
				CLANG_ANALYZER_NONNULL = YES;
				CLANG_CXX_LANGUAGE_STANDARD = "gnu++0x";
				CLANG_CXX_LIBRARY = "libc++";
				CLANG_ENABLE_MODULES = YES;
				CLANG_ENABLE_OBJC_ARC = YES;
				CLANG_WARN_BOOL_CONVERSION = YES;
				CLANG_WARN_CONSTANT_CONVERSION = YES;
				CLANG_WARN_DIRECT_OBJC_ISA_USAGE = YES_ERROR;
				CLANG_WARN_DOCUMENTATION_COMMENTS = YES;
				CLANG_WARN_EMPTY_BODY = YES;
				CLANG_WARN_ENUM_CONVERSION = YES;
				CLANG_WARN_INFINITE_RECURSION = YES;
				CLANG_WARN_INT_CONVERSION = YES;
				CLANG_WARN_OBJC_ROOT_CLASS = YES_ERROR;
				CLANG_WARN_SUSPICIOUS_MOVES = YES;
				CLANG_WARN_UNREACHABLE_CODE = YES;
				CLANG_WARN__DUPLICATE_METHOD_MATCH = YES;
				"CODE_SIGN_IDENTITY[sdk=iphoneos*]" = "iPhone Developer";
				COPY_PHASE_STRIP = NO;
				DEBUG_INFORMATION_FORMAT = "dwarf-with-dsym";
				ENABLE_NS_ASSERTIONS = NO;
				ENABLE_STRICT_OBJC_MSGSEND = YES;
				GCC_C_LANGUAGE_STANDARD = gnu99;
				GCC_NO_COMMON_BLOCKS = YES;
				GCC_WARN_64_TO_32_BIT_CONVERSION = YES;
				GCC_WARN_ABOUT_RETURN_TYPE = YES_ERROR;
				GCC_WARN_UNDECLARED_SELECTOR = YES;
				GCC_WARN_UNINITIALIZED_AUTOS = YES_AGGRESSIVE;
				GCC_WARN_UNUSED_FUNCTION = YES;
				GCC_WARN_UNUSED_VARIABLE = YES;
				IPHONEOS_DEPLOYMENT_TARGET = 10.0;
				MTL_ENABLE_DEBUG_INFO = NO;
				SDKROOT = iphoneos;
				TARGETED_DEVICE_FAMILY = "1,2";
				VALIDATE_PRODUCT = YES;
			};
			name = Release;
		};
		C073A2B81D9AE7D700076DB3 /* Debug */ = {
			isa = XCBuildConfiguration;
			baseConfigurationReference = 1F12049B3314800549A41A6B /* Pods-rivals.debug.xcconfig */;
			buildSettings = {
				ASSETCATALOG_COMPILER_APPICON_NAME = AppIcon;
				INFOPLIST_FILE = rivals/Info.plist;
				LD_RUNPATH_SEARCH_PATHS = "$(inherited) @executable_path/Frameworks";
				PRODUCT_BUNDLE_IDENTIFIER = com.sdbrown2.rivals;
				PRODUCT_NAME = "$(TARGET_NAME)";
			};
			name = Debug;
		};
		C073A2B91D9AE7D700076DB3 /* Release */ = {
			isa = XCBuildConfiguration;
			baseConfigurationReference = 6CE8E1312F0E834AFDCB073D /* Pods-rivals.release.xcconfig */;
			buildSettings = {
				ASSETCATALOG_COMPILER_APPICON_NAME = AppIcon;
				INFOPLIST_FILE = rivals/Info.plist;
				LD_RUNPATH_SEARCH_PATHS = "$(inherited) @executable_path/Frameworks";
				PRODUCT_BUNDLE_IDENTIFIER = com.sdbrown2.rivals;
				PRODUCT_NAME = "$(TARGET_NAME)";
			};
			name = Release;
		};
/* End XCBuildConfiguration section */

/* Begin XCConfigurationList section */
		C073A29B1D9AE7D600076DB3 /* Build configuration list for PBXProject "rivals" */ = {
			isa = XCConfigurationList;
			buildConfigurations = (
				C073A2B51D9AE7D700076DB3 /* Debug */,
				C073A2B61D9AE7D700076DB3 /* Release */,
			);
			defaultConfigurationIsVisible = 0;
			defaultConfigurationName = Release;
		};
		C073A2B71D9AE7D700076DB3 /* Build configuration list for PBXNativeTarget "rivals" */ = {
			isa = XCConfigurationList;
			buildConfigurations = (
				C073A2B81D9AE7D700076DB3 /* Debug */,
				C073A2B91D9AE7D700076DB3 /* Release */,
			);
			defaultConfigurationIsVisible = 0;
			defaultConfigurationName = Release;
		};
/* End XCConfigurationList section */
	};
	rootObject = C073A2981D9AE7D600076DB3 /* Project object */;
}
